
Microsoft Visual Studio Solution File, Format Version 12.00
# Visual Studio Version 16
VisualStudioVersion = 16.0.30011.22
MinimumVisualStudioVersion = 10.0.40219.1
Project("{9A19103F-16F7-4668-BE54-9A1E7A4F7556}") = "lab4", "lab4.csproj", "{FE82D767-974F-4E5D-A3B6-E44AD65C4874}"
EndProject
Global
	GlobalSection(SolutionConfigurationPlatforms) = preSolution
		Debug|Any CPU = Debug|Any CPU
		Release|Any CPU = Release|Any CPU
	EndGlobalSection
	GlobalSection(ProjectConfigurationPlatforms) = postSolution
		{FE82D767-974F-4E5D-A3B6-E44AD65C4874}.Debug|Any CPU.ActiveCfg = Debug|Any CPU
		{FE82D767-974F-4E5D-A3B6-E44AD65C4874}.Debug|Any CPU.Build.0 = Debug|Any CPU
		{FE82D767-974F-4E5D-A3B6-E44AD65C4874}.Release|Any CPU.ActiveCfg = Release|Any CPU
		{FE82D767-974F-4E5D-A3B6-E44AD65C4874}.Release|Any CPU.Build.0 = Release|Any CPU
	EndGlobalSection
	GlobalSection(SolutionProperties) = preSolution
		HideSolutionNode = FALSE
	EndGlobalSection
	GlobalSection(ExtensibilityGlobals) = postSolution
		SolutionGuid = {6C3FFB75-FEB2-45CF-B8A0-4DE77441F1D9}
	EndGlobalSection
EndGlobal
